
Microsoft Visual Studio Solution File, Format Version 12.00
# Visual Studio Version 17
VisualStudioVersion = 17.5.33627.172
MinimumVisualStudioVersion = 10.0.40219.1
Project("{9A19103F-16F7-4668-BE54-9A1E7A4F7556}") = "TwitterCloneApp", "TwitterCloneApp\TwitterCloneApp.csproj", "{3775DDB5-EAC4-49C4-8EF1-E8F364F24260}"
EndProject
Project("{9A19103F-16F7-4668-BE54-9A1E7A4F7556}") = "TwitterCloneApp.Core", "TwitterCloneApp.Core\TwitterCloneApp.Core.csproj", "{43F1F4DE-D165-4652-A59B-A267F7E15EF3}"
EndProject
Project("{9A19103F-16F7-4668-BE54-9A1E7A4F7556}") = "TwitterCloneApp.Repository", "TwitterCloneApp.Repository\TwitterCloneApp.Repository.csproj", "{2F68BA7E-73D7-450D-A1C3-9310FE4A4961}"
EndProject
Project("{FAE04EC0-301F-11D3-BF4B-00C04F79EFBC}") = "TwitterCloneApp.Service", "TwitterCloneApp.Service\TwitterCloneApp.Service.csproj", "{91FEF126-5D6E-4C62-883A-7FCDFE20B923}"
EndProject
Global
	GlobalSection(SolutionConfigurationPlatforms) = preSolution
		Debug|Any CPU = Debug|Any CPU
		Release|Any CPU = Release|Any CPU
	EndGlobalSection
	GlobalSection(ProjectConfigurationPlatforms) = postSolution
		{3775DDB5-EAC4-49C4-8EF1-E8F364F24260}.Debug|Any CPU.ActiveCfg = Debug|Any CPU
		{3775DDB5-EAC4-49C4-8EF1-E8F364F24260}.Debug|Any CPU.Build.0 = Debug|Any CPU
		{3775DDB5-EAC4-49C4-8EF1-E8F364F24260}.Release|Any CPU.ActiveCfg = Release|Any CPU
		{3775DDB5-EAC4-49C4-8EF1-E8F364F24260}.Release|Any CPU.Build.0 = Release|Any CPU
		{43F1F4DE-D165-4652-A59B-A267F7E15EF3}.Debug|Any CPU.ActiveCfg = Debug|Any CPU
		{43F1F4DE-D165-4652-A59B-A267F7E15EF3}.Debug|Any CPU.Build.0 = Debug|Any CPU
		{43F1F4DE-D165-4652-A59B-A267F7E15EF3}.Release|Any CPU.ActiveCfg = Release|Any CPU
		{43F1F4DE-D165-4652-A59B-A267F7E15EF3}.Release|Any CPU.Build.0 = Release|Any CPU
		{2F68BA7E-73D7-450D-A1C3-9310FE4A4961}.Debug|Any CPU.ActiveCfg = Debug|Any CPU
		{2F68BA7E-73D7-450D-A1C3-9310FE4A4961}.Debug|Any CPU.Build.0 = Debug|Any CPU
		{2F68BA7E-73D7-450D-A1C3-9310FE4A4961}.Release|Any CPU.ActiveCfg = Release|Any CPU
		{2F68BA7E-73D7-450D-A1C3-9310FE4A4961}.Release|Any CPU.Build.0 = Release|Any CPU
		{91FEF126-5D6E-4C62-883A-7FCDFE20B923}.Debug|Any CPU.ActiveCfg = Debug|Any CPU
		{91FEF126-5D6E-4C62-883A-7FCDFE20B923}.Debug|Any CPU.Build.0 = Debug|Any CPU
		{91FEF126-5D6E-4C62-883A-7FCDFE20B923}.Release|Any CPU.ActiveCfg = Release|Any CPU
		{91FEF126-5D6E-4C62-883A-7FCDFE20B923}.Release|Any CPU.Build.0 = Release|Any CPU
	EndGlobalSection
	GlobalSection(SolutionProperties) = preSolution
		HideSolutionNode = FALSE
	EndGlobalSection
	GlobalSection(ExtensibilityGlobals) = postSolution
		SolutionGuid = {938D5DCD-0E55-4FC3-B36D-FBC3EBD99557}
	EndGlobalSection
EndGlobal
